Microsoft Visual Studio Solution File, Format Version 8.00
Project("{8BC9CEB8-8B4A-11D0-8D11-00A0C91BC942}") = "CPP", "MPI-2-C++\CPP.vcproj", "{F0FF9C0C-88B2-4150-BD94-8F341DC5DD35}"
	ProjectSection(ProjectDependencies) = postProject
	EndProjectSection
EndProject
Project("{8BC9CEB8-8B4A-11D0-8D11-00A0C91BC942}") = "mpe", "mpe\mpe.vcproj", "{FB0B2683-573B-4755-A536-22CBA659B1E3}"
	ProjectSection(ProjectDependencies) = postProject
		{C93A4024-1965-4BF4-92E2-7CCE0CEB66E3} = {C93A4024-1965-4BF4-92E2-7CCE0CEB66E3}
		{6C9E3027-C502-4FA7-B4FD-1887C1C4BB03} = {6C9E3027-C502-4FA7-B4FD-1887C1C4BB03}
	EndProjectSection
EndProject
Project("{8BC9CEB8-8B4A-11D0-8D11-00A0C91BC942}") = "mpe_client", "mpe\win_mpe_client\mpe_client.vcproj", "{C93A4024-1965-4BF4-92E2-7CCE0CEB66E3}"
	ProjectSection(ProjectDependencies) = postProject
	EndProjectSection
EndProject
Project("{8BC9CEB8-8B4A-11D0-8D11-00A0C91BC942}") = "nt_fortran_bindings", "src\nt_fortran_bindings\nt_fortran_bindings.vcproj", "{8CB1B480-DC10-4A86-8F72-8D880EC13E48}"
	ProjectSection(ProjectDependencies) = postProject
	EndProjectSection
EndProject
Project("{8BC9CEB8-8B4A-11D0-8D11-00A0C91BC942}") = "slog_api", "mpe\slog_api\slog_api.vcproj", "{6C9E3027-C502-4FA7-B4FD-1887C1C4BB03}"
	ProjectSection(ProjectDependencies) = postProject
	EndProjectSection
EndProject
Project("{8BC9CEB8-8B4A-11D0-8D11-00A0C91BC942}") = "unix2nt", "unix2nt\unix2nt.vcproj", "{4A086F31-B8CC-4695-B093-1CAE7CF14257}"
	ProjectSection(ProjectDependencies) = postProject
	EndProjectSection
EndProject
Project("{8BC9CEB8-8B4A-11D0-8D11-00A0C91BC942}") = "smi_lib", "mpid\ch_smi\SMI\smi.vcproj", "{60E066AF-AC47-417B-88A1-6ADBC429CDBD}"
	ProjectSection(ProjectDependencies) = postProject
	EndProjectSection
EndProject
Project("{8BC9CEB8-8B4A-11D0-8D11-00A0C91BC942}") = "smi_device", "mpid\ch_smi\smi_device.vcproj", "{81F7E5A5-B0D3-4EC5-B58F-B136913C8863}"
	ProjectSection(ProjectDependencies) = postProject
	EndProjectSection
EndProject
Project("{8BC9CEB8-8B4A-11D0-8D11-00A0C91BC942}") = "ch_smi_dll", "mpid\ch_smi\ch_smi.vcproj", "{F6BCF8CB-94AC-4A26-9220-E6E0EB20CE80}"
	ProjectSection(ProjectDependencies) = postProject
		{4A086F31-B8CC-4695-B093-1CAE7CF14257} = {4A086F31-B8CC-4695-B093-1CAE7CF14257}
		{BA541857-8D64-423B-BCE9-3333FBAB5ACC} = {BA541857-8D64-423B-BCE9-3333FBAB5ACC}
		{FB0B2683-573B-4755-A536-22CBA659B1E3} = {FB0B2683-573B-4755-A536-22CBA659B1E3}
		{81F7E5A5-B0D3-4EC5-B58F-B136913C8863} = {81F7E5A5-B0D3-4EC5-B58F-B136913C8863}
		{60E066AF-AC47-417B-88A1-6ADBC429CDBD} = {60E066AF-AC47-417B-88A1-6ADBC429CDBD}
	EndProjectSection
EndProject
Project("{8BC9CEB8-8B4A-11D0-8D11-00A0C91BC942}") = "romio", "romio\romio.vcproj", "{BA541857-8D64-423B-BCE9-3333FBAB5ACC}"
	ProjectSection(ProjectDependencies) = postProject
	EndProjectSection
EndProject
Project("{8BC9CEB8-8B4A-11D0-8D11-00A0C91BC942}") = "ch_smi_static", "mpid\ch_smi\ch_smi_static.vcproj", "{F6BCF8CB-94AC-4A26-9220-E6E0EB20CE80}"
	ProjectSection(ProjectDependencies) = postProject
		{81F7E5A5-B0D3-4EC5-B58F-B136913C8863} = {81F7E5A5-B0D3-4EC5-B58F-B136913C8863}
		{60E066AF-AC47-417B-88A1-6ADBC429CDBD} = {60E066AF-AC47-417B-88A1-6ADBC429CDBD}
	EndProjectSection
EndProject
Global
	GlobalSection(SolutionConfiguration) = preSolution
		Absoft Debug = Absoft Debug
		Absoft Profiling = Absoft Profiling
		Absoft Release = Absoft Release
		Debug = Debug
		FortranPlus Debug = FortranPlus Debug
		FortranPlus Release = FortranPlus Release
		G77 Debug = G77 Debug
		G77 Profiling = G77 Profiling
		G77 Release = G77 Release
		Intel Debug = Intel Debug
		Intel Profiling = Intel Profiling
		Intel Release = Intel Release
		Lahey Debug = Lahey Debug
		Lahey Profiling = Lahey Profiling
		Lahey Release = Lahey Release
		meta Release = meta Release
		Release = Release
		Salford Debug = Salford Debug
		Salford Profiling = Salford Profiling
		Salford Release = Salford Release
		SCI = SCI
		SCI_light = SCI_light
		SMP = SMP
		SVM = SVM
		Visual Fortran debug = Visual Fortran debug
		Visual Fortran Profiling = Visual Fortran Profiling
		Visual Fortran Release = Visual Fortran Release
	EndGlobalSection
	GlobalSection(ProjectConfiguration) = postSolution
		{F0FF9C0C-88B2-4150-BD94-8F341DC5DD35}.Absoft Debug.ActiveCfg = Debug|Win32
		{F0FF9C0C-88B2-4150-BD94-8F341DC5DD35}.Absoft Debug.Build.0 = Debug|Win32
		{F0FF9C0C-88B2-4150-BD94-8F341DC5DD35}.Absoft Profiling.ActiveCfg = Release|Win32
		{F0FF9C0C-88B2-4150-BD94-8F341DC5DD35}.Absoft Profiling.Build.0 = Release|Win32
		{F0FF9C0C-88B2-4150-BD94-8F341DC5DD35}.Absoft Release.ActiveCfg = Release|Win32
		{F0FF9C0C-88B2-4150-BD94-8F341DC5DD35}.Absoft Release.Build.0 = Release|Win32
		{F0FF9C0C-88B2-4150-BD94-8F341DC5DD35}.Debug.ActiveCfg = Debug|Win32
		{F0FF9C0C-88B2-4150-BD94-8F341DC5DD35}.Debug.Build.0 = Debug|Win32
		{F0FF9C0C-88B2-4150-BD94-8F341DC5DD35}.FortranPlus Debug.ActiveCfg = Debug|Win32
		{F0FF9C0C-88B2-4150-BD94-8F341DC5DD35}.FortranPlus Debug.Build.0 = Debug|Win32
		{F0FF9C0C-88B2-4150-BD94-8F341DC5DD35}.FortranPlus Release.ActiveCfg = Release|Win32
		{F0FF9C0C-88B2-4150-BD94-8F341DC5DD35}.FortranPlus Release.Build.0 = Release|Win32
		{F0FF9C0C-88B2-4150-BD94-8F341DC5DD35}.G77 Debug.ActiveCfg = Debug|Win32
		{F0FF9C0C-88B2-4150-BD94-8F341DC5DD35}.G77 Debug.Build.0 = Debug|Win32
		{F0FF9C0C-88B2-4150-BD94-8F341DC5DD35}.G77 Profiling.ActiveCfg = Release|Win32
		{F0FF9C0C-88B2-4150-BD94-8F341DC5DD35}.G77 Profiling.Build.0 = Release|Win32
		{F0FF9C0C-88B2-4150-BD94-8F341DC5DD35}.G77 Release.ActiveCfg = Release|Win32
		{F0FF9C0C-88B2-4150-BD94-8F341DC5DD35}.G77 Release.Build.0 = Release|Win32
		{F0FF9C0C-88B2-4150-BD94-8F341DC5DD35}.Intel Debug.ActiveCfg = Debug|Win32
		{F0FF9C0C-88B2-4150-BD94-8F341DC5DD35}.Intel Debug.Build.0 = Debug|Win32
		{F0FF9C0C-88B2-4150-BD94-8F341DC5DD35}.Intel Profiling.ActiveCfg = Release|Win32
		{F0FF9C0C-88B2-4150-BD94-8F341DC5DD35}.Intel Profiling.Build.0 = Release|Win32
		{F0FF9C0C-88B2-4150-BD94-8F341DC5DD35}.Intel Release.ActiveCfg = Release|Win32
		{F0FF9C0C-88B2-4150-BD94-8F341DC5DD35}.Intel Release.Build.0 = Release|Win32
		{F0FF9C0C-88B2-4150-BD94-8F341DC5DD35}.Lahey Debug.ActiveCfg = Debug|Win32
		{F0FF9C0C-88B2-4150-BD94-8F341DC5DD35}.Lahey Debug.Build.0 = Debug|Win32
		{F0FF9C0C-88B2-4150-BD94-8F341DC5DD35}.Lahey Profiling.ActiveCfg = Release|Win32
		{F0FF9C0C-88B2-4150-BD94-8F341DC5DD35}.Lahey Profiling.Build.0 = Release|Win32
		{F0FF9C0C-88B2-4150-BD94-8F341DC5DD35}.Lahey Release.ActiveCfg = Release|Win32
		{F0FF9C0C-88B2-4150-BD94-8F341DC5DD35}.Lahey Release.Build.0 = Release|Win32
		{F0FF9C0C-88B2-4150-BD94-8F341DC5DD35}.meta Release.ActiveCfg = Release|Win32
		{F0FF9C0C-88B2-4150-BD94-8F341DC5DD35}.meta Release.Build.0 = Release|Win32
		{F0FF9C0C-88B2-4150-BD94-8F341DC5DD35}.Release.ActiveCfg = Release|Win32
		{F0FF9C0C-88B2-4150-BD94-8F341DC5DD35}.Release.Build.0 = Release|Win32
		{F0FF9C0C-88B2-4150-BD94-8F341DC5DD35}.Salford Debug.ActiveCfg = Debug|Win32
		{F0FF9C0C-88B2-4150-BD94-8F341DC5DD35}.Salford Debug.Build.0 = Debug|Win32
		{F0FF9C0C-88B2-4150-BD94-8F341DC5DD35}.Salford Profiling.ActiveCfg = Release|Win32
		{F0FF9C0C-88B2-4150-BD94-8F341DC5DD35}.Salford Profiling.Build.0 = Release|Win32
		{F0FF9C0C-88B2-4150-BD94-8F341DC5DD35}.Salford Release.ActiveCfg = Release|Win32
		{F0FF9C0C-88B2-4150-BD94-8F341DC5DD35}.Salford Release.Build.0 = Release|Win32
		{F0FF9C0C-88B2-4150-BD94-8F341DC5DD35}.SCI.ActiveCfg = Release|Win32
		{F0FF9C0C-88B2-4150-BD94-8F341DC5DD35}.SCI.Build.0 = Release|Win32
		{F0FF9C0C-88B2-4150-BD94-8F341DC5DD35}.SCI_light.ActiveCfg = Release|Win32
		{F0FF9C0C-88B2-4150-BD94-8F341DC5DD35}.SCI_light.Build.0 = Release|Win32
		{F0FF9C0C-88B2-4150-BD94-8F341DC5DD35}.SMP.ActiveCfg = Release|Win32
		{F0FF9C0C-88B2-4150-BD94-8F341DC5DD35}.SMP.Build.0 = Release|Win32
		{F0FF9C0C-88B2-4150-BD94-8F341DC5DD35}.SVM.ActiveCfg = Release|Win32
		{F0FF9C0C-88B2-4150-BD94-8F341DC5DD35}.SVM.Build.0 = Release|Win32
		{F0FF9C0C-88B2-4150-BD94-8F341DC5DD35}.Visual Fortran debug.ActiveCfg = Release|Win32
		{F0FF9C0C-88B2-4150-BD94-8F341DC5DD35}.Visual Fortran debug.Build.0 = Release|Win32
		{F0FF9C0C-88B2-4150-BD94-8F341DC5DD35}.Visual Fortran Profiling.ActiveCfg = Release|Win32
		{F0FF9C0C-88B2-4150-BD94-8F341DC5DD35}.Visual Fortran Profiling.Build.0 = Release|Win32
		{F0FF9C0C-88B2-4150-BD94-8F341DC5DD35}.Visual Fortran Release.ActiveCfg = Release|Win32
		{F0FF9C0C-88B2-4150-BD94-8F341DC5DD35}.Visual Fortran Release.Build.0 = Release|Win32
		{FB0B2683-573B-4755-A536-22CBA659B1E3}.Absoft Debug.ActiveCfg = Debug|Win32
		{FB0B2683-573B-4755-A536-22CBA659B1E3}.Absoft Debug.Build.0 = Debug|Win32
		{FB0B2683-573B-4755-A536-22CBA659B1E3}.Absoft Profiling.ActiveCfg = Release|Win32
		{FB0B2683-573B-4755-A536-22CBA659B1E3}.Absoft Profiling.Build.0 = Release|Win32
		{FB0B2683-573B-4755-A536-22CBA659B1E3}.Absoft Release.ActiveCfg = Release|Win32
		{FB0B2683-573B-4755-A536-22CBA659B1E3}.Absoft Release.Build.0 = Release|Win32
		{FB0B2683-573B-4755-A536-22CBA659B1E3}.Debug.ActiveCfg = Debug|Win32
		{FB0B2683-573B-4755-A536-22CBA659B1E3}.Debug.Build.0 = Debug|Win32
		{FB0B2683-573B-4755-A536-22CBA659B1E3}.FortranPlus Debug.ActiveCfg = Debug|Win32
		{FB0B2683-573B-4755-A536-22CBA659B1E3}.FortranPlus Debug.Build.0 = Debug|Win32
		{FB0B2683-573B-4755-A536-22CBA659B1E3}.FortranPlus Release.ActiveCfg = Release|Win32
		{FB0B2683-573B-4755-A536-22CBA659B1E3}.FortranPlus Release.Build.0 = Release|Win32
		{FB0B2683-573B-4755-A536-22CBA659B1E3}.G77 Debug.ActiveCfg = Debug|Win32
		{FB0B2683-573B-4755-A536-22CBA659B1E3}.G77 Debug.Build.0 = Debug|Win32
		{FB0B2683-573B-4755-A536-22CBA659B1E3}.G77 Profiling.ActiveCfg = Release|Win32
		{FB0B2683-573B-4755-A536-22CBA659B1E3}.G77 Profiling.Build.0 = Release|Win32
		{FB0B2683-573B-4755-A536-22CBA659B1E3}.G77 Release.ActiveCfg = Release|Win32
		{FB0B2683-573B-4755-A536-22CBA659B1E3}.G77 Release.Build.0 = Release|Win32
		{FB0B2683-573B-4755-A536-22CBA659B1E3}.Intel Debug.ActiveCfg = Debug|Win32
		{FB0B2683-573B-4755-A536-22CBA659B1E3}.Intel Debug.Build.0 = Debug|Win32
		{FB0B2683-573B-4755-A536-22CBA659B1E3}.Intel Profiling.ActiveCfg = Release|Win32
		{FB0B2683-573B-4755-A536-22CBA659B1E3}.Intel Profiling.Build.0 = Release|Win32
		{FB0B2683-573B-4755-A536-22CBA659B1E3}.Intel Release.ActiveCfg = Release|Win32
		{FB0B2683-573B-4755-A536-22CBA659B1E3}.Intel Release.Build.0 = Release|Win32
		{FB0B2683-573B-4755-A536-22CBA659B1E3}.Lahey Debug.ActiveCfg = Debug|Win32
		{FB0B2683-573B-4755-A536-22CBA659B1E3}.Lahey Debug.Build.0 = Debug|Win32
		{FB0B2683-573B-4755-A536-22CBA659B1E3}.Lahey Profiling.ActiveCfg = Release|Win32
		{FB0B2683-573B-4755-A536-22CBA659B1E3}.Lahey Profiling.Build.0 = Release|Win32
		{FB0B2683-573B-4755-A536-22CBA659B1E3}.Lahey Release.ActiveCfg = Release|Win32
		{FB0B2683-573B-4755-A536-22CBA659B1E3}.Lahey Release.Build.0 = Release|Win32
		{FB0B2683-573B-4755-A536-22CBA659B1E3}.meta Release.ActiveCfg = meta Release|Win32
		{FB0B2683-573B-4755-A536-22CBA659B1E3}.meta Release.Build.0 = meta Release|Win32
		{FB0B2683-573B-4755-A536-22CBA659B1E3}.Release.ActiveCfg = Release|Win32
		{FB0B2683-573B-4755-A536-22CBA659B1E3}.Release.Build.0 = Release|Win32
		{FB0B2683-573B-4755-A536-22CBA659B1E3}.Salford Debug.ActiveCfg = Debug|Win32
		{FB0B2683-573B-4755-A536-22CBA659B1E3}.Salford Debug.Build.0 = Debug|Win32
		{FB0B2683-573B-4755-A536-22CBA659B1E3}.Salford Profiling.ActiveCfg = Release|Win32
		{FB0B2683-573B-4755-A536-22CBA659B1E3}.Salford Profiling.Build.0 = Release|Win32
		{FB0B2683-573B-4755-A536-22CBA659B1E3}.Salford Release.ActiveCfg = Release|Win32
		{FB0B2683-573B-4755-A536-22CBA659B1E3}.Salford Release.Build.0 = Release|Win32
		{FB0B2683-573B-4755-A536-22CBA659B1E3}.SCI.ActiveCfg = Release|Win32
		{FB0B2683-573B-4755-A536-22CBA659B1E3}.SCI.Build.0 = Release|Win32
		{FB0B2683-573B-4755-A536-22CBA659B1E3}.SCI_light.ActiveCfg = Release|Win32
		{FB0B2683-573B-4755-A536-22CBA659B1E3}.SCI_light.Build.0 = Release|Win32
		{FB0B2683-573B-4755-A536-22CBA659B1E3}.SMP.ActiveCfg = Release|Win32
		{FB0B2683-573B-4755-A536-22CBA659B1E3}.SMP.Build.0 = Release|Win32
		{FB0B2683-573B-4755-A536-22CBA659B1E3}.SVM.ActiveCfg = Release|Win32
		{FB0B2683-573B-4755-A536-22CBA659B1E3}.SVM.Build.0 = Release|Win32
		{FB0B2683-573B-4755-A536-22CBA659B1E3}.Visual Fortran debug.ActiveCfg = Release|Win32
		{FB0B2683-573B-4755-A536-22CBA659B1E3}.Visual Fortran debug.Build.0 = Release|Win32
		{FB0B2683-573B-4755-A536-22CBA659B1E3}.Visual Fortran Profiling.ActiveCfg = Release|Win32
		{FB0B2683-573B-4755-A536-22CBA659B1E3}.Visual Fortran Profiling.Build.0 = Release|Win32
		{FB0B2683-573B-4755-A536-22CBA659B1E3}.Visual Fortran Release.ActiveCfg = Release|Win32
		{FB0B2683-573B-4755-A536-22CBA659B1E3}.Visual Fortran Release.Build.0 = Release|Win32
		{C93A4024-1965-4BF4-92E2-7CCE0CEB66E3}.Absoft Debug.ActiveCfg = Debug|Win32
		{C93A4024-1965-4BF4-92E2-7CCE0CEB66E3}.Absoft Debug.Build.0 = Debug|Win32
		{C93A4024-1965-4BF4-92E2-7CCE0CEB66E3}.Absoft Profiling.ActiveCfg = Release|Win32
		{C93A4024-1965-4BF4-92E2-7CCE0CEB66E3}.Absoft Profiling.Build.0 = Release|Win32
		{C93A4024-1965-4BF4-92E2-7CCE0CEB66E3}.Absoft Release.ActiveCfg = Release|Win32
		{C93A4024-1965-4BF4-92E2-7CCE0CEB66E3}.Absoft Release.Build.0 = Release|Win32
		{C93A4024-1965-4BF4-92E2-7CCE0CEB66E3}.Debug.ActiveCfg = Debug|Win32
		{C93A4024-1965-4BF4-92E2-7CCE0CEB66E3}.Debug.Build.0 = Debug|Win32
		{C93A4024-1965-4BF4-92E2-7CCE0CEB66E3}.FortranPlus Debug.ActiveCfg = Debug|Win32
		{C93A4024-1965-4BF4-92E2-7CCE0CEB66E3}.FortranPlus Debug.Build.0 = Debug|Win32
		{C93A4024-1965-4BF4-92E2-7CCE0CEB66E3}.FortranPlus Release.ActiveCfg = Release|Win32
		{C93A4024-1965-4BF4-92E2-7CCE0CEB66E3}.FortranPlus Release.Build.0 = Release|Win32
		{C93A4024-1965-4BF4-92E2-7CCE0CEB66E3}.G77 Debug.ActiveCfg = Debug|Win32
		{C93A4024-1965-4BF4-92E2-7CCE0CEB66E3}.G77 Debug.Build.0 = Debug|Win32
		{C93A4024-1965-4BF4-92E2-7CCE0CEB66E3}.G77 Profiling.ActiveCfg = Release|Win32
		{C93A4024-1965-4BF4-92E2-7CCE0CEB66E3}.G77 Profiling.Build.0 = Release|Win32
		{C93A4024-1965-4BF4-92E2-7CCE0CEB66E3}.G77 Release.ActiveCfg = Release|Win32
		{C93A4024-1965-4BF4-92E2-7CCE0CEB66E3}.G77 Release.Build.0 = Release|Win32
		{C93A4024-1965-4BF4-92E2-7CCE0CEB66E3}.Intel Debug.ActiveCfg = Debug|Win32
		{C93A4024-1965-4BF4-92E2-7CCE0CEB66E3}.Intel Debug.Build.0 = Debug|Win32
		{C93A4024-1965-4BF4-92E2-7CCE0CEB66E3}.Intel Profiling.ActiveCfg = Release|Win32
		{C93A4024-1965-4BF4-92E2-7CCE0CEB66E3}.Intel Profiling.Build.0 = Release|Win32
		{C93A4024-1965-4BF4-92E2-7CCE0CEB66E3}.Intel Release.ActiveCfg = Release|Win32
		{C93A4024-1965-4BF4-92E2-7CCE0CEB66E3}.Intel Release.Build.0 = Release|Win32
		{C93A4024-1965-4BF4-92E2-7CCE0CEB66E3}.Lahey Debug.ActiveCfg = Debug|Win32
		{C93A4024-1965-4BF4-92E2-7CCE0CEB66E3}.Lahey Debug.Build.0 = Debug|Win32
		{C93A4024-1965-4BF4-92E2-7CCE0CEB66E3}.Lahey Profiling.ActiveCfg = Release|Win32
		{C93A4024-1965-4BF4-92E2-7CCE0CEB66E3}.Lahey Profiling.Build.0 = Release|Win32
		{C93A4024-1965-4BF4-92E2-7CCE0CEB66E3}.Lahey Release.ActiveCfg = Release|Win32
		{C93A4024-1965-4BF4-92E2-7CCE0CEB66E3}.Lahey Release.Build.0 = Release|Win32
		{C93A4024-1965-4BF4-92E2-7CCE0CEB66E3}.meta Release.ActiveCfg = meta Release|Win32
		{C93A4024-1965-4BF4-92E2-7CCE0CEB66E3}.meta Release.Build.0 = meta Release|Win32
		{C93A4024-1965-4BF4-92E2-7CCE0CEB66E3}.Release.ActiveCfg = Release|Win32
		{C93A4024-1965-4BF4-92E2-7CCE0CEB66E3}.Release.Build.0 = Release|Win32
		{C93A4024-1965-4BF4-92E2-7CCE0CEB66E3}.Salford Debug.ActiveCfg = Debug|Win32
		{C93A4024-1965-4BF4-92E2-7CCE0CEB66E3}.Salford Debug.Build.0 = Debug|Win32
		{C93A4024-1965-4BF4-92E2-7CCE0CEB66E3}.Salford Profiling.ActiveCfg = Release|Win32
		{C93A4024-1965-4BF4-92E2-7CCE0CEB66E3}.Salford Profiling.Build.0 = Release|Win32
		{C93A4024-1965-4BF4-92E2-7CCE0CEB66E3}.Salford Release.ActiveCfg = Release|Win32
		{C93A4024-1965-4BF4-92E2-7CCE0CEB66E3}.Salford Release.Build.0 = Release|Win32
		{C93A4024-1965-4BF4-92E2-7CCE0CEB66E3}.SCI.ActiveCfg = Release|Win32
		{C93A4024-1965-4BF4-92E2-7CCE0CEB66E3}.SCI.Build.0 = Release|Win32
		{C93A4024-1965-4BF4-92E2-7CCE0CEB66E3}.SCI_light.ActiveCfg = Release|Win32
		{C93A4024-1965-4BF4-92E2-7CCE0CEB66E3}.SCI_light.Build.0 = Release|Win32
		{C93A4024-1965-4BF4-92E2-7CCE0CEB66E3}.SMP.ActiveCfg = Release|Win32
		{C93A4024-1965-4BF4-92E2-7CCE0CEB66E3}.SMP.Build.0 = Release|Win32
		{C93A4024-1965-4BF4-92E2-7CCE0CEB66E3}.SVM.ActiveCfg = Release|Win32
		{C93A4024-1965-4BF4-92E2-7CCE0CEB66E3}.SVM.Build.0 = Release|Win32
		{C93A4024-1965-4BF4-92E2-7CCE0CEB66E3}.Visual Fortran debug.ActiveCfg = Release|Win32
		{C93A4024-1965-4BF4-92E2-7CCE0CEB66E3}.Visual Fortran debug.Build.0 = Release|Win32
		{C93A4024-1965-4BF4-92E2-7CCE0CEB66E3}.Visual Fortran Profiling.ActiveCfg = Release|Win32
		{C93A4024-1965-4BF4-92E2-7CCE0CEB66E3}.Visual Fortran Profiling.Build.0 = Release|Win32
		{C93A4024-1965-4BF4-92E2-7CCE0CEB66E3}.Visual Fortran Release.ActiveCfg = Release|Win32
		{C93A4024-1965-4BF4-92E2-7CCE0CEB66E3}.Visual Fortran Release.Build.0 = Release|Win32
		{8CB1B480-DC10-4A86-8F72-8D880EC13E48}.Absoft Debug.ActiveCfg = Absoft Debug|Win32
		{8CB1B480-DC10-4A86-8F72-8D880EC13E48}.Absoft Debug.Build.0 = Absoft Debug|Win32
		{8CB1B480-DC10-4A86-8F72-8D880EC13E48}.Absoft Profiling.ActiveCfg = Absoft Profiling|Win32
		{8CB1B480-DC10-4A86-8F72-8D880EC13E48}.Absoft Profiling.Build.0 = Absoft Profiling|Win32
		{8CB1B480-DC10-4A86-8F72-8D880EC13E48}.Absoft Release.ActiveCfg = Absoft Release|Win32
		{8CB1B480-DC10-4A86-8F72-8D880EC13E48}.Absoft Release.Build.0 = Absoft Release|Win32
		{8CB1B480-DC10-4A86-8F72-8D880EC13E48}.Debug.ActiveCfg = Intel Debug|Win32
		{8CB1B480-DC10-4A86-8F72-8D880EC13E48}.Debug.Build.0 = Intel Debug|Win32
		{8CB1B480-DC10-4A86-8F72-8D880EC13E48}.FortranPlus Debug.ActiveCfg = FortranPlus Debug|Win32
		{8CB1B480-DC10-4A86-8F72-8D880EC13E48}.FortranPlus Debug.Build.0 = FortranPlus Debug|Win32
		{8CB1B480-DC10-4A86-8F72-8D880EC13E48}.FortranPlus Release.ActiveCfg = FortranPlus Release|Win32
		{8CB1B480-DC10-4A86-8F72-8D880EC13E48}.FortranPlus Release.Build.0 = FortranPlus Release|Win32
		{8CB1B480-DC10-4A86-8F72-8D880EC13E48}.G77 Debug.ActiveCfg = G77 Debug|Win32
		{8CB1B480-DC10-4A86-8F72-8D880EC13E48}.G77 Debug.Build.0 = G77 Debug|Win32
		{8CB1B480-DC10-4A86-8F72-8D880EC13E48}.G77 Profiling.ActiveCfg = G77 Profiling|Win32
		{8CB1B480-DC10-4A86-8F72-8D880EC13E48}.G77 Profiling.Build.0 = G77 Profiling|Win32
		{8CB1B480-DC10-4A86-8F72-8D880EC13E48}.G77 Release.ActiveCfg = G77 Release|Win32
		{8CB1B480-DC10-4A86-8F72-8D880EC13E48}.G77 Release.Build.0 = G77 Release|Win32
		{8CB1B480-DC10-4A86-8F72-8D880EC13E48}.Intel Debug.ActiveCfg = Intel Debug|Win32
		{8CB1B480-DC10-4A86-8F72-8D880EC13E48}.Intel Debug.Build.0 = Intel Debug|Win32
		{8CB1B480-DC10-4A86-8F72-8D880EC13E48}.Intel Profiling.ActiveCfg = Intel Profiling|Win32
		{8CB1B480-DC10-4A86-8F72-8D880EC13E48}.Intel Profiling.Build.0 = Intel Profiling|Win32
		{8CB1B480-DC10-4A86-8F72-8D880EC13E48}.Intel Release.ActiveCfg = Intel Release|Win32
		{8CB1B480-DC10-4A86-8F72-8D880EC13E48}.Intel Release.Build.0 = Intel Release|Win32
		{8CB1B480-DC10-4A86-8F72-8D880EC13E48}.Lahey Debug.ActiveCfg = Lahey Debug|Win32
		{8CB1B480-DC10-4A86-8F72-8D880EC13E48}.Lahey Debug.Build.0 = Lahey Debug|Win32
		{8CB1B480-DC10-4A86-8F72-8D880EC13E48}.Lahey Profiling.ActiveCfg = Lahey Profiling|Win32
		{8CB1B480-DC10-4A86-8F72-8D880EC13E48}.Lahey Profiling.Build.0 = Lahey Profiling|Win32
		{8CB1B480-DC10-4A86-8F72-8D880EC13E48}.Lahey Release.ActiveCfg = Lahey Release|Win32
		{8CB1B480-DC10-4A86-8F72-8D880EC13E48}.Lahey Release.Build.0 = Lahey Release|Win32
		{8CB1B480-DC10-4A86-8F72-8D880EC13E48}.meta Release.ActiveCfg = Intel Debug|Win32
		{8CB1B480-DC10-4A86-8F72-8D880EC13E48}.meta Release.Build.0 = Intel Debug|Win32
		{8CB1B480-DC10-4A86-8F72-8D880EC13E48}.Release.ActiveCfg = FortranPlus Release|Win32
		{8CB1B480-DC10-4A86-8F72-8D880EC13E48}.Release.Build.0 = FortranPlus Release|Win32
		{8CB1B480-DC10-4A86-8F72-8D880EC13E48}.Salford Debug.ActiveCfg = Salford Debug|Win32
		{8CB1B480-DC10-4A86-8F72-8D880EC13E48}.Salford Debug.Build.0 = Salford Debug|Win32
		{8CB1B480-DC10-4A86-8F72-8D880EC13E48}.Salford Profiling.ActiveCfg = Salford Profiling|Win32
		{8CB1B480-DC10-4A86-8F72-8D880EC13E48}.Salford Profiling.Build.0 = Salford Profiling|Win32
		{8CB1B480-DC10-4A86-8F72-8D880EC13E48}.Salford Release.ActiveCfg = Salford Release|Win32
		{8CB1B480-DC10-4A86-8F72-8D880EC13E48}.Salford Release.Build.0 = Salford Release|Win32
		{8CB1B480-DC10-4A86-8F72-8D880EC13E48}.SCI.ActiveCfg = Salford Release|Win32
		{8CB1B480-DC10-4A86-8F72-8D880EC13E48}.SCI.Build.0 = Salford Release|Win32
		{8CB1B480-DC10-4A86-8F72-8D880EC13E48}.SCI_light.ActiveCfg = Salford Release|Win32
		{8CB1B480-DC10-4A86-8F72-8D880EC13E48}.SCI_light.Build.0 = Salford Release|Win32
		{8CB1B480-DC10-4A86-8F72-8D880EC13E48}.SMP.ActiveCfg = Salford Release|Win32
		{8CB1B480-DC10-4A86-8F72-8D880EC13E48}.SMP.Build.0 = Salford Release|Win32
		{8CB1B480-DC10-4A86-8F72-8D880EC13E48}.SVM.ActiveCfg = Salford Release|Win32
		{8CB1B480-DC10-4A86-8F72-8D880EC13E48}.SVM.Build.0 = Salford Release|Win32
		{8CB1B480-DC10-4A86-8F72-8D880EC13E48}.Visual Fortran debug.ActiveCfg = Visual Fortran debug|Win32
		{8CB1B480-DC10-4A86-8F72-8D880EC13E48}.Visual Fortran debug.Build.0 = Visual Fortran debug|Win32
		{8CB1B480-DC10-4A86-8F72-8D880EC13E48}.Visual Fortran Profiling.ActiveCfg = Visual Fortran Profiling|Win32
		{8CB1B480-DC10-4A86-8F72-8D880EC13E48}.Visual Fortran Profiling.Build.0 = Visual Fortran Profiling|Win32
		{8CB1B480-DC10-4A86-8F72-8D880EC13E48}.Visual Fortran Release.ActiveCfg = Visual Fortran Release|Win32
		{8CB1B480-DC10-4A86-8F72-8D880EC13E48}.Visual Fortran Release.Build.0 = Visual Fortran Release|Win32
		{6C9E3027-C502-4FA7-B4FD-1887C1C4BB03}.Absoft Debug.ActiveCfg = Debug|Win32
		{6C9E3027-C502-4FA7-B4FD-1887C1C4BB03}.Absoft Debug.Build.0 = Debug|Win32
		{6C9E3027-C502-4FA7-B4FD-1887C1C4BB03}.Absoft Profiling.ActiveCfg = Debug|Win32
		{6C9E3027-C502-4FA7-B4FD-1887C1C4BB03}.Absoft Profiling.Build.0 = Debug|Win32
		{6C9E3027-C502-4FA7-B4FD-1887C1C4BB03}.Absoft Release.ActiveCfg = Release|Win32
		{6C9E3027-C502-4FA7-B4FD-1887C1C4BB03}.Absoft Release.Build.0 = Release|Win32
		{6C9E3027-C502-4FA7-B4FD-1887C1C4BB03}.Debug.ActiveCfg = Debug|Win32
		{6C9E3027-C502-4FA7-B4FD-1887C1C4BB03}.Debug.Build.0 = Debug|Win32
		{6C9E3027-C502-4FA7-B4FD-1887C1C4BB03}.FortranPlus Debug.ActiveCfg = Debug|Win32
		{6C9E3027-C502-4FA7-B4FD-1887C1C4BB03}.FortranPlus Debug.Build.0 = Debug|Win32
		{6C9E3027-C502-4FA7-B4FD-1887C1C4BB03}.FortranPlus Release.ActiveCfg = Release|Win32
		{6C9E3027-C502-4FA7-B4FD-1887C1C4BB03}.FortranPlus Release.Build.0 = Release|Win32
		{6C9E3027-C502-4FA7-B4FD-1887C1C4BB03}.G77 Debug.ActiveCfg = Debug|Win32
		{6C9E3027-C502-4FA7-B4FD-1887C1C4BB03}.G77 Debug.Build.0 = Debug|Win32
		{6C9E3027-C502-4FA7-B4FD-1887C1C4BB03}.G77 Profiling.ActiveCfg = Debug|Win32
		{6C9E3027-C502-4FA7-B4FD-1887C1C4BB03}.G77 Profiling.Build.0 = Debug|Win32
		{6C9E3027-C502-4FA7-B4FD-1887C1C4BB03}.G77 Release.ActiveCfg = Release|Win32
		{6C9E3027-C502-4FA7-B4FD-1887C1C4BB03}.G77 Release.Build.0 = Release|Win32
		{6C9E3027-C502-4FA7-B4FD-1887C1C4BB03}.Intel Debug.ActiveCfg = Debug|Win32
		{6C9E3027-C502-4FA7-B4FD-1887C1C4BB03}.Intel Debug.Build.0 = Debug|Win32
		{6C9E3027-C502-4FA7-B4FD-1887C1C4BB03}.Intel Profiling.ActiveCfg = Debug|Win32
		{6C9E3027-C502-4FA7-B4FD-1887C1C4BB03}.Intel Profiling.Build.0 = Debug|Win32
		{6C9E3027-C502-4FA7-B4FD-1887C1C4BB03}.Intel Release.ActiveCfg = Release|Win32
		{6C9E3027-C502-4FA7-B4FD-1887C1C4BB03}.Intel Release.Build.0 = Release|Win32
		{6C9E3027-C502-4FA7-B4FD-1887C1C4BB03}.Lahey Debug.ActiveCfg = Debug|Win32
		{6C9E3027-C502-4FA7-B4FD-1887C1C4BB03}.Lahey Debug.Build.0 = Debug|Win32
		{6C9E3027-C502-4FA7-B4FD-1887C1C4BB03}.Lahey Profiling.ActiveCfg = Debug|Win32
		{6C9E3027-C502-4FA7-B4FD-1887C1C4BB03}.Lahey Profiling.Build.0 = Debug|Win32
		{6C9E3027-C502-4FA7-B4FD-1887C1C4BB03}.Lahey Release.ActiveCfg = Release|Win32
		{6C9E3027-C502-4FA7-B4FD-1887C1C4BB03}.Lahey Release.Build.0 = Release|Win32
		{6C9E3027-C502-4FA7-B4FD-1887C1C4BB03}.meta Release.ActiveCfg = meta Release|Win32
		{6C9E3027-C502-4FA7-B4FD-1887C1C4BB03}.meta Release.Build.0 = meta Release|Win32
		{6C9E3027-C502-4FA7-B4FD-1887C1C4BB03}.Release.ActiveCfg = Release|Win32
		{6C9E3027-C502-4FA7-B4FD-1887C1C4BB03}.Release.Build.0 = Release|Win32
		{6C9E3027-C502-4FA7-B4FD-1887C1C4BB03}.Salford Debug.ActiveCfg = Debug|Win32
		{6C9E3027-C502-4FA7-B4FD-1887C1C4BB03}.Salford Debug.Build.0 = Debug|Win32
		{6C9E3027-C502-4FA7-B4FD-1887C1C4BB03}.Salford Profiling.ActiveCfg = Debug|Win32
		{6C9E3027-C502-4FA7-B4FD-1887C1C4BB03}.Salford Profiling.Build.0 = Debug|Win32
		{6C9E3027-C502-4FA7-B4FD-1887C1C4BB03}.Salford Release.ActiveCfg = Release|Win32
		{6C9E3027-C502-4FA7-B4FD-1887C1C4BB03}.Salford Release.Build.0 = Release|Win32
		{6C9E3027-C502-4FA7-B4FD-1887C1C4BB03}.SCI.ActiveCfg = Debug|Win32
		{6C9E3027-C502-4FA7-B4FD-1887C1C4BB03}.SCI.Build.0 = Debug|Win32
		{6C9E3027-C502-4FA7-B4FD-1887C1C4BB03}.SCI_light.ActiveCfg = Debug|Win32
		{6C9E3027-C502-4FA7-B4FD-1887C1C4BB03}.SCI_light.Build.0 = Debug|Win32
		{6C9E3027-C502-4FA7-B4FD-1887C1C4BB03}.SMP.ActiveCfg = Debug|Win32
		{6C9E3027-C502-4FA7-B4FD-1887C1C4BB03}.SMP.Build.0 = Debug|Win32
		{6C9E3027-C502-4FA7-B4FD-1887C1C4BB03}.SVM.ActiveCfg = Debug|Win32
		{6C9E3027-C502-4FA7-B4FD-1887C1C4BB03}.SVM.Build.0 = Debug|Win32
		{6C9E3027-C502-4FA7-B4FD-1887C1C4BB03}.Visual Fortran debug.ActiveCfg = Debug|Win32
		{6C9E3027-C502-4FA7-B4FD-1887C1C4BB03}.Visual Fortran debug.Build.0 = Debug|Win32
		{6C9E3027-C502-4FA7-B4FD-1887C1C4BB03}.Visual Fortran Profiling.ActiveCfg = Debug|Win32
		{6C9E3027-C502-4FA7-B4FD-1887C1C4BB03}.Visual Fortran Profiling.Build.0 = Debug|Win32
		{6C9E3027-C502-4FA7-B4FD-1887C1C4BB03}.Visual Fortran Release.ActiveCfg = Release|Win32
		{6C9E3027-C502-4FA7-B4FD-1887C1C4BB03}.Visual Fortran Release.Build.0 = Release|Win32
		{4A086F31-B8CC-4695-B093-1CAE7CF14257}.Absoft Debug.ActiveCfg = Debug|Win32
		{4A086F31-B8CC-4695-B093-1CAE7CF14257}.Absoft Debug.Build.0 = Debug|Win32
		{4A086F31-B8CC-4695-B093-1CAE7CF14257}.Absoft Profiling.ActiveCfg = Release|Win32
		{4A086F31-B8CC-4695-B093-1CAE7CF14257}.Absoft Profiling.Build.0 = Release|Win32
		{4A086F31-B8CC-4695-B093-1CAE7CF14257}.Absoft Release.ActiveCfg = Release|Win32
		{4A086F31-B8CC-4695-B093-1CAE7CF14257}.Absoft Release.Build.0 = Release|Win32
		{4A086F31-B8CC-4695-B093-1CAE7CF14257}.Debug.ActiveCfg = Debug|Win32
		{4A086F31-B8CC-4695-B093-1CAE7CF14257}.Debug.Build.0 = Debug|Win32
		{4A086F31-B8CC-4695-B093-1CAE7CF14257}.FortranPlus Debug.ActiveCfg = Debug|Win32
		{4A086F31-B8CC-4695-B093-1CAE7CF14257}.FortranPlus Debug.Build.0 = Debug|Win32
		{4A086F31-B8CC-4695-B093-1CAE7CF14257}.FortranPlus Release.ActiveCfg = Release|Win32
		{4A086F31-B8CC-4695-B093-1CAE7CF14257}.FortranPlus Release.Build.0 = Release|Win32
		{4A086F31-B8CC-4695-B093-1CAE7CF14257}.G77 Debug.ActiveCfg = Debug|Win32
		{4A086F31-B8CC-4695-B093-1CAE7CF14257}.G77 Debug.Build.0 = Debug|Win32
		{4A086F31-B8CC-4695-B093-1CAE7CF14257}.G77 Profiling.ActiveCfg = Release|Win32
		{4A086F31-B8CC-4695-B093-1CAE7CF14257}.G77 Profiling.Build.0 = Release|Win32
		{4A086F31-B8CC-4695-B093-1CAE7CF14257}.G77 Release.ActiveCfg = Release|Win32
		{4A086F31-B8CC-4695-B093-1CAE7CF14257}.G77 Release.Build.0 = Release|Win32
		{4A086F31-B8CC-4695-B093-1CAE7CF14257}.Intel Debug.ActiveCfg = Debug|Win32
		{4A086F31-B8CC-4695-B093-1CAE7CF14257}.Intel Debug.Build.0 = Debug|Win32
		{4A086F31-B8CC-4695-B093-1CAE7CF14257}.Intel Profiling.ActiveCfg = Release|Win32
		{4A086F31-B8CC-4695-B093-1CAE7CF14257}.Intel Profiling.Build.0 = Release|Win32
		{4A086F31-B8CC-4695-B093-1CAE7CF14257}.Intel Release.ActiveCfg = Release|Win32
		{4A086F31-B8CC-4695-B093-1CAE7CF14257}.Intel Release.Build.0 = Release|Win32
		{4A086F31-B8CC-4695-B093-1CAE7CF14257}.Lahey Debug.ActiveCfg = Debug|Win32
		{4A086F31-B8CC-4695-B093-1CAE7CF14257}.Lahey Debug.Build.0 = Debug|Win32
		{4A086F31-B8CC-4695-B093-1CAE7CF14257}.Lahey Profiling.ActiveCfg = Release|Win32
		{4A086F31-B8CC-4695-B093-1CAE7CF14257}.Lahey Profiling.Build.0 = Release|Win32
		{4A086F31-B8CC-4695-B093-1CAE7CF14257}.Lahey Release.ActiveCfg = Release|Win32
		{4A086F31-B8CC-4695-B093-1CAE7CF14257}.Lahey Release.Build.0 = Release|Win32
		{4A086F31-B8CC-4695-B093-1CAE7CF14257}.meta Release.ActiveCfg = Release|Win32
		{4A086F31-B8CC-4695-B093-1CAE7CF14257}.meta Release.Build.0 = Release|Win32
		{4A086F31-B8CC-4695-B093-1CAE7CF14257}.Release.ActiveCfg = Release|Win32
		{4A086F31-B8CC-4695-B093-1CAE7CF14257}.Release.Build.0 = Release|Win32
		{4A086F31-B8CC-4695-B093-1CAE7CF14257}.Salford Debug.ActiveCfg = Debug|Win32
		{4A086F31-B8CC-4695-B093-1CAE7CF14257}.Salford Debug.Build.0 = Debug|Win32
		{4A086F31-B8CC-4695-B093-1CAE7CF14257}.Salford Profiling.ActiveCfg = Release|Win32
		{4A086F31-B8CC-4695-B093-1CAE7CF14257}.Salford Profiling.Build.0 = Release|Win32
		{4A086F31-B8CC-4695-B093-1CAE7CF14257}.Salford Release.ActiveCfg = Release|Win32
		{4A086F31-B8CC-4695-B093-1CAE7CF14257}.Salford Release.Build.0 = Release|Win32
		{4A086F31-B8CC-4695-B093-1CAE7CF14257}.SCI.ActiveCfg = Release|Win32
		{4A086F31-B8CC-4695-B093-1CAE7CF14257}.SCI.Build.0 = Release|Win32
		{4A086F31-B8CC-4695-B093-1CAE7CF14257}.SCI_light.ActiveCfg = Release|Win32
		{4A086F31-B8CC-4695-B093-1CAE7CF14257}.SCI_light.Build.0 = Release|Win32
		{4A086F31-B8CC-4695-B093-1CAE7CF14257}.SMP.ActiveCfg = Release|Win32
		{4A086F31-B8CC-4695-B093-1CAE7CF14257}.SMP.Build.0 = Release|Win32
		{4A086F31-B8CC-4695-B093-1CAE7CF14257}.SVM.ActiveCfg = Release|Win32
		{4A086F31-B8CC-4695-B093-1CAE7CF14257}.SVM.Build.0 = Release|Win32
		{4A086F31-B8CC-4695-B093-1CAE7CF14257}.Visual Fortran debug.ActiveCfg = Release|Win32
		{4A086F31-B8CC-4695-B093-1CAE7CF14257}.Visual Fortran debug.Build.0 = Release|Win32
		{4A086F31-B8CC-4695-B093-1CAE7CF14257}.Visual Fortran Profiling.ActiveCfg = Release|Win32
		{4A086F31-B8CC-4695-B093-1CAE7CF14257}.Visual Fortran Profiling.Build.0 = Release|Win32
		{4A086F31-B8CC-4695-B093-1CAE7CF14257}.Visual Fortran Release.ActiveCfg = Release|Win32
		{4A086F31-B8CC-4695-B093-1CAE7CF14257}.Visual Fortran Release.Build.0 = Release|Win32
		{60E066AF-AC47-417B-88A1-6ADBC429CDBD}.Absoft Debug.ActiveCfg = Debug|Win32
		{60E066AF-AC47-417B-88A1-6ADBC429CDBD}.Absoft Debug.Build.0 = Debug|Win32
		{60E066AF-AC47-417B-88A1-6ADBC429CDBD}.Absoft Profiling.ActiveCfg = Debug|Win32
		{60E066AF-AC47-417B-88A1-6ADBC429CDBD}.Absoft Profiling.Build.0 = Debug|Win32
		{60E066AF-AC47-417B-88A1-6ADBC429CDBD}.Absoft Release.ActiveCfg = Release|Win32
		{60E066AF-AC47-417B-88A1-6ADBC429CDBD}.Absoft Release.Build.0 = Release|Win32
		{60E066AF-AC47-417B-88A1-6ADBC429CDBD}.Debug.ActiveCfg = Debug|Win32
		{60E066AF-AC47-417B-88A1-6ADBC429CDBD}.Debug.Build.0 = Debug|Win32
		{60E066AF-AC47-417B-88A1-6ADBC429CDBD}.FortranPlus Debug.ActiveCfg = Debug|Win32
		{60E066AF-AC47-417B-88A1-6ADBC429CDBD}.FortranPlus Debug.Build.0 = Debug|Win32
		{60E066AF-AC47-417B-88A1-6ADBC429CDBD}.FortranPlus Release.ActiveCfg = Release|Win32
		{60E066AF-AC47-417B-88A1-6ADBC429CDBD}.FortranPlus Release.Build.0 = Release|Win32
		{60E066AF-AC47-417B-88A1-6ADBC429CDBD}.G77 Debug.ActiveCfg = Debug|Win32
		{60E066AF-AC47-417B-88A1-6ADBC429CDBD}.G77 Debug.Build.0 = Debug|Win32
		{60E066AF-AC47-417B-88A1-6ADBC429CDBD}.G77 Profiling.ActiveCfg = Debug|Win32
		{60E066AF-AC47-417B-88A1-6ADBC429CDBD}.G77 Profiling.Build.0 = Debug|Win32
		{60E066AF-AC47-417B-88A1-6ADBC429CDBD}.G77 Release.ActiveCfg = Release|Win32
		{60E066AF-AC47-417B-88A1-6ADBC429CDBD}.G77 Release.Build.0 = Release|Win32
		{60E066AF-AC47-417B-88A1-6ADBC429CDBD}.Intel Debug.ActiveCfg = Debug|Win32
		{60E066AF-AC47-417B-88A1-6ADBC429CDBD}.Intel Debug.Build.0 = Debug|Win32
		{60E066AF-AC47-417B-88A1-6ADBC429CDBD}.Intel Profiling.ActiveCfg = Debug|Win32
		{60E066AF-AC47-417B-88A1-6ADBC429CDBD}.Intel Profiling.Build.0 = Debug|Win32
		{60E066AF-AC47-417B-88A1-6ADBC429CDBD}.Intel Release.ActiveCfg = Release|Win32
		{60E066AF-AC47-417B-88A1-6ADBC429CDBD}.Intel Release.Build.0 = Release|Win32
		{60E066AF-AC47-417B-88A1-6ADBC429CDBD}.Lahey Debug.ActiveCfg = Debug|Win32
		{60E066AF-AC47-417B-88A1-6ADBC429CDBD}.Lahey Debug.Build.0 = Debug|Win32
		{60E066AF-AC47-417B-88A1-6ADBC429CDBD}.Lahey Profiling.ActiveCfg = Debug|Win32
		{60E066AF-AC47-417B-88A1-6ADBC429CDBD}.Lahey Profiling.Build.0 = Debug|Win32
		{60E066AF-AC47-417B-88A1-6ADBC429CDBD}.Lahey Release.ActiveCfg = Release|Win32
		{60E066AF-AC47-417B-88A1-6ADBC429CDBD}.Lahey Release.Build.0 = Release|Win32
		{60E066AF-AC47-417B-88A1-6ADBC429CDBD}.meta Release.ActiveCfg = Release|Win32
		{60E066AF-AC47-417B-88A1-6ADBC429CDBD}.meta Release.Build.0 = Release|Win32
		{60E066AF-AC47-417B-88A1-6ADBC429CDBD}.Release.ActiveCfg = Release|Win32
		{60E066AF-AC47-417B-88A1-6ADBC429CDBD}.Release.Build.0 = Release|Win32
		{60E066AF-AC47-417B-88A1-6ADBC429CDBD}.Salford Debug.ActiveCfg = Debug|Win32
		{60E066AF-AC47-417B-88A1-6ADBC429CDBD}.Salford Debug.Build.0 = Debug|Win32
		{60E066AF-AC47-417B-88A1-6ADBC429CDBD}.Salford Profiling.ActiveCfg = SVM|Win32
		{60E066AF-AC47-417B-88A1-6ADBC429CDBD}.Salford Profiling.Build.0 = SVM|Win32
		{60E066AF-AC47-417B-88A1-6ADBC429CDBD}.Salford Release.ActiveCfg = Release|Win32
		{60E066AF-AC47-417B-88A1-6ADBC429CDBD}.Salford Release.Build.0 = Release|Win32
		{60E066AF-AC47-417B-88A1-6ADBC429CDBD}.SCI.ActiveCfg = SCI|Win32
		{60E066AF-AC47-417B-88A1-6ADBC429CDBD}.SCI.Build.0 = SCI|Win32
		{60E066AF-AC47-417B-88A1-6ADBC429CDBD}.SCI_light.ActiveCfg = SCI_light|Win32
		{60E066AF-AC47-417B-88A1-6ADBC429CDBD}.SCI_light.Build.0 = SCI_light|Win32
		{60E066AF-AC47-417B-88A1-6ADBC429CDBD}.SMP.ActiveCfg = SMP|Win32
		{60E066AF-AC47-417B-88A1-6ADBC429CDBD}.SMP.Build.0 = SMP|Win32
		{60E066AF-AC47-417B-88A1-6ADBC429CDBD}.SVM.ActiveCfg = SVM|Win32
		{60E066AF-AC47-417B-88A1-6ADBC429CDBD}.SVM.Build.0 = SVM|Win32
		{60E066AF-AC47-417B-88A1-6ADBC429CDBD}.Visual Fortran debug.ActiveCfg = Debug|Win32
		{60E066AF-AC47-417B-88A1-6ADBC429CDBD}.Visual Fortran debug.Build.0 = Debug|Win32
		{60E066AF-AC47-417B-88A1-6ADBC429CDBD}.Visual Fortran Profiling.ActiveCfg = Debug|Win32
		{60E066AF-AC47-417B-88A1-6ADBC429CDBD}.Visual Fortran Profiling.Build.0 = Debug|Win32
		{60E066AF-AC47-417B-88A1-6ADBC429CDBD}.Visual Fortran Release.ActiveCfg = Release|Win32
		{60E066AF-AC47-417B-88A1-6ADBC429CDBD}.Visual Fortran Release.Build.0 = Release|Win32
		{81F7E5A5-B0D3-4EC5-B58F-B136913C8863}.Absoft Debug.ActiveCfg = Debug|Win32
		{81F7E5A5-B0D3-4EC5-B58F-B136913C8863}.Absoft Debug.Build.0 = Debug|Win32
		{81F7E5A5-B0D3-4EC5-B58F-B136913C8863}.Absoft Profiling.ActiveCfg = Release|Win32
		{81F7E5A5-B0D3-4EC5-B58F-B136913C8863}.Absoft Profiling.Build.0 = Release|Win32
		{81F7E5A5-B0D3-4EC5-B58F-B136913C8863}.Absoft Release.ActiveCfg = Release|Win32
		{81F7E5A5-B0D3-4EC5-B58F-B136913C8863}.Absoft Release.Build.0 = Release|Win32
		{81F7E5A5-B0D3-4EC5-B58F-B136913C8863}.Debug.ActiveCfg = Debug|Win32
		{81F7E5A5-B0D3-4EC5-B58F-B136913C8863}.Debug.Build.0 = Debug|Win32
		{81F7E5A5-B0D3-4EC5-B58F-B136913C8863}.FortranPlus Debug.ActiveCfg = Debug|Win32
		{81F7E5A5-B0D3-4EC5-B58F-B136913C8863}.FortranPlus Debug.Build.0 = Debug|Win32
		{81F7E5A5-B0D3-4EC5-B58F-B136913C8863}.FortranPlus Release.ActiveCfg = Release|Win32
		{81F7E5A5-B0D3-4EC5-B58F-B136913C8863}.FortranPlus Release.Build.0 = Release|Win32
		{81F7E5A5-B0D3-4EC5-B58F-B136913C8863}.G77 Debug.ActiveCfg = Debug|Win32
		{81F7E5A5-B0D3-4EC5-B58F-B136913C8863}.G77 Debug.Build.0 = Debug|Win32
		{81F7E5A5-B0D3-4EC5-B58F-B136913C8863}.G77 Profiling.ActiveCfg = Release|Win32
		{81F7E5A5-B0D3-4EC5-B58F-B136913C8863}.G77 Profiling.Build.0 = Release|Win32
		{81F7E5A5-B0D3-4EC5-B58F-B136913C8863}.G77 Release.ActiveCfg = Release|Win32
		{81F7E5A5-B0D3-4EC5-B58F-B136913C8863}.G77 Release.Build.0 = Release|Win32
		{81F7E5A5-B0D3-4EC5-B58F-B136913C8863}.Intel Debug.ActiveCfg = Debug|Win32
		{81F7E5A5-B0D3-4EC5-B58F-B136913C8863}.Intel Debug.Build.0 = Debug|Win32
		{81F7E5A5-B0D3-4EC5-B58F-B136913C8863}.Intel Profiling.ActiveCfg = Release|Win32
		{81F7E5A5-B0D3-4EC5-B58F-B136913C8863}.Intel Profiling.Build.0 = Release|Win32
		{81F7E5A5-B0D3-4EC5-B58F-B136913C8863}.Intel Release.ActiveCfg = Release|Win32
		{81F7E5A5-B0D3-4EC5-B58F-B136913C8863}.Intel Release.Build.0 = Release|Win32
		{81F7E5A5-B0D3-4EC5-B58F-B136913C8863}.Lahey Debug.ActiveCfg = Debug|Win32
		{81F7E5A5-B0D3-4EC5-B58F-B136913C8863}.Lahey Debug.Build.0 = Debug|Win32
		{81F7E5A5-B0D3-4EC5-B58F-B136913C8863}.Lahey Profiling.ActiveCfg = Release|Win32
		{81F7E5A5-B0D3-4EC5-B58F-B136913C8863}.Lahey Profiling.Build.0 = Release|Win32
		{81F7E5A5-B0D3-4EC5-B58F-B136913C8863}.Lahey Release.ActiveCfg = Release|Win32
		{81F7E5A5-B0D3-4EC5-B58F-B136913C8863}.Lahey Release.Build.0 = Release|Win32
		{81F7E5A5-B0D3-4EC5-B58F-B136913C8863}.meta Release.ActiveCfg = meta Release|Win32
		{81F7E5A5-B0D3-4EC5-B58F-B136913C8863}.meta Release.Build.0 = meta Release|Win32
		{81F7E5A5-B0D3-4EC5-B58F-B136913C8863}.Release.ActiveCfg = Release|Win32
		{81F7E5A5-B0D3-4EC5-B58F-B136913C8863}.Release.Build.0 = Release|Win32
		{81F7E5A5-B0D3-4EC5-B58F-B136913C8863}.Salford Debug.ActiveCfg = Debug|Win32
		{81F7E5A5-B0D3-4EC5-B58F-B136913C8863}.Salford Debug.Build.0 = Debug|Win32
		{81F7E5A5-B0D3-4EC5-B58F-B136913C8863}.Salford Profiling.ActiveCfg = Release|Win32
		{81F7E5A5-B0D3-4EC5-B58F-B136913C8863}.Salford Profiling.Build.0 = Release|Win32
		{81F7E5A5-B0D3-4EC5-B58F-B136913C8863}.Salford Release.ActiveCfg = Release|Win32
		{81F7E5A5-B0D3-4EC5-B58F-B136913C8863}.Salford Release.Build.0 = Release|Win32
		{81F7E5A5-B0D3-4EC5-B58F-B136913C8863}.SCI.ActiveCfg = Release|Win32
		{81F7E5A5-B0D3-4EC5-B58F-B136913C8863}.SCI.Build.0 = Release|Win32
		{81F7E5A5-B0D3-4EC5-B58F-B136913C8863}.SCI_light.ActiveCfg = Release|Win32
		{81F7E5A5-B0D3-4EC5-B58F-B136913C8863}.SCI_light.Build.0 = Release|Win32
		{81F7E5A5-B0D3-4EC5-B58F-B136913C8863}.SMP.ActiveCfg = Release|Win32
		{81F7E5A5-B0D3-4EC5-B58F-B136913C8863}.SMP.Build.0 = Release|Win32
		{81F7E5A5-B0D3-4EC5-B58F-B136913C8863}.SVM.ActiveCfg = Release|Win32
		{81F7E5A5-B0D3-4EC5-B58F-B136913C8863}.SVM.Build.0 = Release|Win32
		{81F7E5A5-B0D3-4EC5-B58F-B136913C8863}.Visual Fortran debug.ActiveCfg = Release|Win32
		{81F7E5A5-B0D3-4EC5-B58F-B136913C8863}.Visual Fortran debug.Build.0 = Release|Win32
		{81F7E5A5-B0D3-4EC5-B58F-B136913C8863}.Visual Fortran Profiling.ActiveCfg = Release|Win32
		{81F7E5A5-B0D3-4EC5-B58F-B136913C8863}.Visual Fortran Profiling.Build.0 = Release|Win32
		{81F7E5A5-B0D3-4EC5-B58F-B136913C8863}.Visual Fortran Release.ActiveCfg = Release|Win32
		{81F7E5A5-B0D3-4EC5-B58F-B136913C8863}.Visual Fortran Release.Build.0 = Release|Win32
		{F6BCF8CB-94AC-4A26-9220-E6E0EB20CE80}.Absoft Debug.ActiveCfg = Debug|Win32
		{F6BCF8CB-94AC-4A26-9220-E6E0EB20CE80}.Absoft Debug.Build.0 = Debug|Win32
		{F6BCF8CB-94AC-4A26-9220-E6E0EB20CE80}.Absoft Profiling.ActiveCfg = Release|Win32
		{F6BCF8CB-94AC-4A26-9220-E6E0EB20CE80}.Absoft Profiling.Build.0 = Release|Win32
		{F6BCF8CB-94AC-4A26-9220-E6E0EB20CE80}.Absoft Release.ActiveCfg = Release|Win32
		{F6BCF8CB-94AC-4A26-9220-E6E0EB20CE80}.Absoft Release.Build.0 = Release|Win32
		{F6BCF8CB-94AC-4A26-9220-E6E0EB20CE80}.Debug.ActiveCfg = Debug|Win32
		{F6BCF8CB-94AC-4A26-9220-E6E0EB20CE80}.Debug.Build.0 = Debug|Win32
		{F6BCF8CB-94AC-4A26-9220-E6E0EB20CE80}.FortranPlus Debug.ActiveCfg = Debug|Win32
		{F6BCF8CB-94AC-4A26-9220-E6E0EB20CE80}.FortranPlus Debug.Build.0 = Debug|Win32
		{F6BCF8CB-94AC-4A26-9220-E6E0EB20CE80}.FortranPlus Release.ActiveCfg = Release|Win32
		{F6BCF8CB-94AC-4A26-9220-E6E0EB20CE80}.FortranPlus Release.Build.0 = Release|Win32
		{F6BCF8CB-94AC-4A26-9220-E6E0EB20CE80}.G77 Debug.ActiveCfg = Debug|Win32
		{F6BCF8CB-94AC-4A26-9220-E6E0EB20CE80}.G77 Debug.Build.0 = Debug|Win32
		{F6BCF8CB-94AC-4A26-9220-E6E0EB20CE80}.G77 Profiling.ActiveCfg = Release|Win32
		{F6BCF8CB-94AC-4A26-9220-E6E0EB20CE80}.G77 Profiling.Build.0 = Release|Win32
		{F6BCF8CB-94AC-4A26-9220-E6E0EB20CE80}.G77 Release.ActiveCfg = Release|Win32
		{F6BCF8CB-94AC-4A26-9220-E6E0EB20CE80}.G77 Release.Build.0 = Release|Win32
		{F6BCF8CB-94AC-4A26-9220-E6E0EB20CE80}.Intel Debug.ActiveCfg = Debug|Win32
		{F6BCF8CB-94AC-4A26-9220-E6E0EB20CE80}.Intel Debug.Build.0 = Debug|Win32
		{F6BCF8CB-94AC-4A26-9220-E6E0EB20CE80}.Intel Profiling.ActiveCfg = Release|Win32
		{F6BCF8CB-94AC-4A26-9220-E6E0EB20CE80}.Intel Profiling.Build.0 = Release|Win32
		{F6BCF8CB-94AC-4A26-9220-E6E0EB20CE80}.Intel Release.ActiveCfg = Release|Win32
		{F6BCF8CB-94AC-4A26-9220-E6E0EB20CE80}.Intel Release.Build.0 = Release|Win32
		{F6BCF8CB-94AC-4A26-9220-E6E0EB20CE80}.Lahey Debug.ActiveCfg = Debug|Win32
		{F6BCF8CB-94AC-4A26-9220-E6E0EB20CE80}.Lahey Debug.Build.0 = Debug|Win32
		{F6BCF8CB-94AC-4A26-9220-E6E0EB20CE80}.Lahey Profiling.ActiveCfg = Release|Win32
		{F6BCF8CB-94AC-4A26-9220-E6E0EB20CE80}.Lahey Profiling.Build.0 = Release|Win32
		{F6BCF8CB-94AC-4A26-9220-E6E0EB20CE80}.Lahey Release.ActiveCfg = Release|Win32
		{F6BCF8CB-94AC-4A26-9220-E6E0EB20CE80}.Lahey Release.Build.0 = Release|Win32
		{F6BCF8CB-94AC-4A26-9220-E6E0EB20CE80}.meta Release.ActiveCfg = Release|Win32
		{F6BCF8CB-94AC-4A26-9220-E6E0EB20CE80}.meta Release.Build.0 = Release|Win32
		{F6BCF8CB-94AC-4A26-9220-E6E0EB20CE80}.Release.ActiveCfg = Release|Win32
		{F6BCF8CB-94AC-4A26-9220-E6E0EB20CE80}.Release.Build.0 = Release|Win32
		{F6BCF8CB-94AC-4A26-9220-E6E0EB20CE80}.Salford Debug.ActiveCfg = Debug|Win32
		{F6BCF8CB-94AC-4A26-9220-E6E0EB20CE80}.Salford Debug.Build.0 = Debug|Win32
		{F6BCF8CB-94AC-4A26-9220-E6E0EB20CE80}.Salford Profiling.ActiveCfg = Release|Win32
		{F6BCF8CB-94AC-4A26-9220-E6E0EB20CE80}.Salford Profiling.Build.0 = Release|Win32
		{F6BCF8CB-94AC-4A26-9220-E6E0EB20CE80}.Salford Release.ActiveCfg = Release|Win32
		{F6BCF8CB-94AC-4A26-9220-E6E0EB20CE80}.Salford Release.Build.0 = Release|Win32
		{F6BCF8CB-94AC-4A26-9220-E6E0EB20CE80}.SCI.ActiveCfg = Release|Win32
		{F6BCF8CB-94AC-4A26-9220-E6E0EB20CE80}.SCI.Build.0 = Release|Win32
		{F6BCF8CB-94AC-4A26-9220-E6E0EB20CE80}.SCI_light.ActiveCfg = Release|Win32
		{F6BCF8CB-94AC-4A26-9220-E6E0EB20CE80}.SCI_light.Build.0 = Release|Win32
		{F6BCF8CB-94AC-4A26-9220-E6E0EB20CE80}.SMP.ActiveCfg = Release|Win32
		{F6BCF8CB-94AC-4A26-9220-E6E0EB20CE80}.SMP.Build.0 = Release|Win32
		{F6BCF8CB-94AC-4A26-9220-E6E0EB20CE80}.SVM.ActiveCfg = Release|Win32
		{F6BCF8CB-94AC-4A26-9220-E6E0EB20CE80}.SVM.Build.0 = Release|Win32
		{F6BCF8CB-94AC-4A26-9220-E6E0EB20CE80}.Visual Fortran debug.ActiveCfg = Release|Win32
		{F6BCF8CB-94AC-4A26-9220-E6E0EB20CE80}.Visual Fortran debug.Build.0 = Release|Win32
		{F6BCF8CB-94AC-4A26-9220-E6E0EB20CE80}.Visual Fortran Profiling.ActiveCfg = Release|Win32
		{F6BCF8CB-94AC-4A26-9220-E6E0EB20CE80}.Visual Fortran Profiling.Build.0 = Release|Win32
		{F6BCF8CB-94AC-4A26-9220-E6E0EB20CE80}.Visual Fortran Release.ActiveCfg = Release|Win32
		{F6BCF8CB-94AC-4A26-9220-E6E0EB20CE80}.Visual Fortran Release.Build.0 = Release|Win32
		{BA541857-8D64-423B-BCE9-3333FBAB5ACC}.Absoft Debug.ActiveCfg = Debug|Win32
		{BA541857-8D64-423B-BCE9-3333FBAB5ACC}.Absoft Debug.Build.0 = Debug|Win32
		{BA541857-8D64-423B-BCE9-3333FBAB5ACC}.Absoft Profiling.ActiveCfg = meta Release|Win32
		{BA541857-8D64-423B-BCE9-3333FBAB5ACC}.Absoft Profiling.Build.0 = meta Release|Win32
		{BA541857-8D64-423B-BCE9-3333FBAB5ACC}.Absoft Release.ActiveCfg = Release|Win32
		{BA541857-8D64-423B-BCE9-3333FBAB5ACC}.Absoft Release.Build.0 = Release|Win32
		{BA541857-8D64-423B-BCE9-3333FBAB5ACC}.Debug.ActiveCfg = Debug|Win32
		{BA541857-8D64-423B-BCE9-3333FBAB5ACC}.Debug.Build.0 = Debug|Win32
		{BA541857-8D64-423B-BCE9-3333FBAB5ACC}.FortranPlus Debug.ActiveCfg = Debug|Win32
		{BA541857-8D64-423B-BCE9-3333FBAB5ACC}.FortranPlus Debug.Build.0 = Debug|Win32
		{BA541857-8D64-423B-BCE9-3333FBAB5ACC}.FortranPlus Release.ActiveCfg = Release|Win32
		{BA541857-8D64-423B-BCE9-3333FBAB5ACC}.FortranPlus Release.Build.0 = Release|Win32
		{BA541857-8D64-423B-BCE9-3333FBAB5ACC}.G77 Debug.ActiveCfg = Debug|Win32
		{BA541857-8D64-423B-BCE9-3333FBAB5ACC}.G77 Debug.Build.0 = Debug|Win32
		{BA541857-8D64-423B-BCE9-3333FBAB5ACC}.G77 Profiling.ActiveCfg = meta Release|Win32
		{BA541857-8D64-423B-BCE9-3333FBAB5ACC}.G77 Profiling.Build.0 = meta Release|Win32
		{BA541857-8D64-423B-BCE9-3333FBAB5ACC}.G77 Release.ActiveCfg = Release|Win32
		{BA541857-8D64-423B-BCE9-3333FBAB5ACC}.G77 Release.Build.0 = Release|Win32
		{BA541857-8D64-423B-BCE9-3333FBAB5ACC}.Intel Debug.ActiveCfg = Debug|Win32
		{BA541857-8D64-423B-BCE9-3333FBAB5ACC}.Intel Debug.Build.0 = Debug|Win32
		{BA541857-8D64-423B-BCE9-3333FBAB5ACC}.Intel Profiling.ActiveCfg = meta Release|Win32
		{BA541857-8D64-423B-BCE9-3333FBAB5ACC}.Intel Profiling.Build.0 = meta Release|Win32
		{BA541857-8D64-423B-BCE9-3333FBAB5ACC}.Intel Release.ActiveCfg = Release|Win32
		{BA541857-8D64-423B-BCE9-3333FBAB5ACC}.Intel Release.Build.0 = Release|Win32
		{BA541857-8D64-423B-BCE9-3333FBAB5ACC}.Lahey Debug.ActiveCfg = Debug|Win32
		{BA541857-8D64-423B-BCE9-3333FBAB5ACC}.Lahey Debug.Build.0 = Debug|Win32
		{BA541857-8D64-423B-BCE9-3333FBAB5ACC}.Lahey Profiling.ActiveCfg = meta Release|Win32
		{BA541857-8D64-423B-BCE9-3333FBAB5ACC}.Lahey Profiling.Build.0 = meta Release|Win32
		{BA541857-8D64-423B-BCE9-3333FBAB5ACC}.Lahey Release.ActiveCfg = Release|Win32
		{BA541857-8D64-423B-BCE9-3333FBAB5ACC}.Lahey Release.Build.0 = Release|Win32
		{BA541857-8D64-423B-BCE9-3333FBAB5ACC}.meta Release.ActiveCfg = meta Release|Win32
		{BA541857-8D64-423B-BCE9-3333FBAB5ACC}.meta Release.Build.0 = meta Release|Win32
		{BA541857-8D64-423B-BCE9-3333FBAB5ACC}.Release.ActiveCfg = Release|Win32
		{BA541857-8D64-423B-BCE9-3333FBAB5ACC}.Release.Build.0 = Release|Win32
		{BA541857-8D64-423B-BCE9-3333FBAB5ACC}.Salford Debug.ActiveCfg = Debug|Win32
		{BA541857-8D64-423B-BCE9-3333FBAB5ACC}.Salford Debug.Build.0 = Debug|Win32
		{BA541857-8D64-423B-BCE9-3333FBAB5ACC}.Salford Profiling.ActiveCfg = meta Release|Win32
		{BA541857-8D64-423B-BCE9-3333FBAB5ACC}.Salford Profiling.Build.0 = meta Release|Win32
		{BA541857-8D64-423B-BCE9-3333FBAB5ACC}.Salford Release.ActiveCfg = Release|Win32
		{BA541857-8D64-423B-BCE9-3333FBAB5ACC}.Salford Release.Build.0 = Release|Win32
		{BA541857-8D64-423B-BCE9-3333FBAB5ACC}.SCI.ActiveCfg = meta Release|Win32
		{BA541857-8D64-423B-BCE9-3333FBAB5ACC}.SCI.Build.0 = meta Release|Win32
		{BA541857-8D64-423B-BCE9-3333FBAB5ACC}.SCI_light.ActiveCfg = meta Release|Win32
		{BA541857-8D64-423B-BCE9-3333FBAB5ACC}.SCI_light.Build.0 = meta Release|Win32
		{BA541857-8D64-423B-BCE9-3333FBAB5ACC}.SMP.ActiveCfg = meta Release|Win32
		{BA541857-8D64-423B-BCE9-3333FBAB5ACC}.SMP.Build.0 = meta Release|Win32
		{BA541857-8D64-423B-BCE9-3333FBAB5ACC}.SVM.ActiveCfg = meta Release|Win32
		{BA541857-8D64-423B-BCE9-3333FBAB5ACC}.SVM.Build.0 = meta Release|Win32
		{BA541857-8D64-423B-BCE9-3333FBAB5ACC}.Visual Fortran debug.ActiveCfg = meta Release|Win32
		{BA541857-8D64-423B-BCE9-3333FBAB5ACC}.Visual Fortran debug.Build.0 = meta Release|Win32
		{BA541857-8D64-423B-BCE9-3333FBAB5ACC}.Visual Fortran Profiling.ActiveCfg = meta Release|Win32
		{BA541857-8D64-423B-BCE9-3333FBAB5ACC}.Visual Fortran Profiling.Build.0 = meta Release|Win32
		{BA541857-8D64-423B-BCE9-3333FBAB5ACC}.Visual Fortran Release.ActiveCfg = Release|Win32
		{BA541857-8D64-423B-BCE9-3333FBAB5ACC}.Visual Fortran Release.Build.0 = Release|Win32
		{F6BCF8CB-94AC-4A26-9220-E6E0EB20CE80}.Absoft Debug.ActiveCfg = Debug|Win32
		{F6BCF8CB-94AC-4A26-9220-E6E0EB20CE80}.Absoft Debug.Build.0 = Debug|Win32
		{F6BCF8CB-94AC-4A26-9220-E6E0EB20CE80}.Absoft Profiling.ActiveCfg = Release|Win32
		{F6BCF8CB-94AC-4A26-9220-E6E0EB20CE80}.Absoft Profiling.Build.0 = Release|Win32
		{F6BCF8CB-94AC-4A26-9220-E6E0EB20CE80}.Absoft Release.ActiveCfg = Release|Win32
		{F6BCF8CB-94AC-4A26-9220-E6E0EB20CE80}.Absoft Release.Build.0 = Release|Win32
		{F6BCF8CB-94AC-4A26-9220-E6E0EB20CE80}.Debug.ActiveCfg = Debug|Win32
		{F6BCF8CB-94AC-4A26-9220-E6E0EB20CE80}.Debug.Build.0 = Debug|Win32
		{F6BCF8CB-94AC-4A26-9220-E6E0EB20CE80}.FortranPlus Debug.ActiveCfg = Debug|Win32
		{F6BCF8CB-94AC-4A26-9220-E6E0EB20CE80}.FortranPlus Debug.Build.0 = Debug|Win32
		{F6BCF8CB-94AC-4A26-9220-E6E0EB20CE80}.FortranPlus Release.ActiveCfg = Release|Win32
		{F6BCF8CB-94AC-4A26-9220-E6E0EB20CE80}.FortranPlus Release.Build.0 = Release|Win32
		{F6BCF8CB-94AC-4A26-9220-E6E0EB20CE80}.G77 Debug.ActiveCfg = Debug|Win32
		{F6BCF8CB-94AC-4A26-9220-E6E0EB20CE80}.G77 Debug.Build.0 = Debug|Win32
		{F6BCF8CB-94AC-4A26-9220-E6E0EB20CE80}.G77 Profiling.ActiveCfg = Release|Win32
		{F6BCF8CB-94AC-4A26-9220-E6E0EB20CE80}.G77 Profiling.Build.0 = Release|Win32
		{F6BCF8CB-94AC-4A26-9220-E6E0EB20CE80}.G77 Release.ActiveCfg = Release|Win32
		{F6BCF8CB-94AC-4A26-9220-E6E0EB20CE80}.G77 Release.Build.0 = Release|Win32
		{F6BCF8CB-94AC-4A26-9220-E6E0EB20CE80}.Intel Debug.ActiveCfg = Debug|Win32
		{F6BCF8CB-94AC-4A26-9220-E6E0EB20CE80}.Intel Debug.Build.0 = Debug|Win32
		{F6BCF8CB-94AC-4A26-9220-E6E0EB20CE80}.Intel Profiling.ActiveCfg = Release|Win32
		{F6BCF8CB-94AC-4A26-9220-E6E0EB20CE80}.Intel Profiling.Build.0 = Release|Win32
		{F6BCF8CB-94AC-4A26-9220-E6E0EB20CE80}.Intel Release.ActiveCfg = Release|Win32
		{F6BCF8CB-94AC-4A26-9220-E6E0EB20CE80}.Intel Release.Build.0 = Release|Win32
		{F6BCF8CB-94AC-4A26-9220-E6E0EB20CE80}.Lahey Debug.ActiveCfg = Debug|Win32
		{F6BCF8CB-94AC-4A26-9220-E6E0EB20CE80}.Lahey Debug.Build.0 = Debug|Win32
		{F6BCF8CB-94AC-4A26-9220-E6E0EB20CE80}.Lahey Profiling.ActiveCfg = Release|Win32
		{F6BCF8CB-94AC-4A26-9220-E6E0EB20CE80}.Lahey Profiling.Build.0 = Release|Win32
		{F6BCF8CB-94AC-4A26-9220-E6E0EB20CE80}.Lahey Release.ActiveCfg = Release|Win32
		{F6BCF8CB-94AC-4A26-9220-E6E0EB20CE80}.Lahey Release.Build.0 = Release|Win32
		{F6BCF8CB-94AC-4A26-9220-E6E0EB20CE80}.meta Release.ActiveCfg = Release|Win32
		{F6BCF8CB-94AC-4A26-9220-E6E0EB20CE80}.meta Release.Build.0 = Release|Win32
		{F6BCF8CB-94AC-4A26-9220-E6E0EB20CE80}.Release.ActiveCfg = Release|Win32
		{F6BCF8CB-94AC-4A26-9220-E6E0EB20CE80}.Release.Build.0 = Release|Win32
		{F6BCF8CB-94AC-4A26-9220-E6E0EB20CE80}.Salford Debug.ActiveCfg = Debug|Win32
		{F6BCF8CB-94AC-4A26-9220-E6E0EB20CE80}.Salford Debug.Build.0 = Debug|Win32
		{F6BCF8CB-94AC-4A26-9220-E6E0EB20CE80}.Salford Profiling.ActiveCfg = Release|Win32
		{F6BCF8CB-94AC-4A26-9220-E6E0EB20CE80}.Salford Profiling.Build.0 = Release|Win32
		{F6BCF8CB-94AC-4A26-9220-E6E0EB20CE80}.Salford Release.ActiveCfg = Release|Win32
		{F6BCF8CB-94AC-4A26-9220-E6E0EB20CE80}.Salford Release.Build.0 = Release|Win32
		{F6BCF8CB-94AC-4A26-9220-E6E0EB20CE80}.SCI.ActiveCfg = Release|Win32
		{F6BCF8CB-94AC-4A26-9220-E6E0EB20CE80}.SCI.Build.0 = Release|Win32
		{F6BCF8CB-94AC-4A26-9220-E6E0EB20CE80}.SCI_light.ActiveCfg = Release|Win32
		{F6BCF8CB-94AC-4A26-9220-E6E0EB20CE80}.SCI_light.Build.0 = Release|Win32
		{F6BCF8CB-94AC-4A26-9220-E6E0EB20CE80}.SMP.ActiveCfg = Release|Win32
		{F6BCF8CB-94AC-4A26-9220-E6E0EB20CE80}.SMP.Build.0 = Release|Win32
		{F6BCF8CB-94AC-4A26-9220-E6E0EB20CE80}.SVM.ActiveCfg = Release|Win32
		{F6BCF8CB-94AC-4A26-9220-E6E0EB20CE80}.SVM.Build.0 = Release|Win32
		{F6BCF8CB-94AC-4A26-9220-E6E0EB20CE80}.Visual Fortran debug.ActiveCfg = Release|Win32
		{F6BCF8CB-94AC-4A26-9220-E6E0EB20CE80}.Visual Fortran debug.Build.0 = Release|Win32
		{F6BCF8CB-94AC-4A26-9220-E6E0EB20CE80}.Visual Fortran Profiling.ActiveCfg = Release|Win32
		{F6BCF8CB-94AC-4A26-9220-E6E0EB20CE80}.Visual Fortran Profiling.Build.0 = Release|Win32
		{F6BCF8CB-94AC-4A26-9220-E6E0EB20CE80}.Visual Fortran Release.ActiveCfg = Release|Win32
		{F6BCF8CB-94AC-4A26-9220-E6E0EB20CE80}.Visual Fortran Release.Build.0 = Release|Win32
	EndGlobalSection
	GlobalSection(ExtensibilityGlobals) = postSolution
	EndGlobalSection
	GlobalSection(ExtensibilityAddIns) = postSolution
	EndGlobalSection
EndGlobal
