Microsoft Visual Studio Solution File, Format Version 8.00
Project("{8BC9CEB8-8B4A-11D0-8D11-00A0C91BC942}") = "poisson", "EXAMPLES\poisson\poisson.vcproj", "{58337D3E-8DA8-41DC-946C-14C6B68805E2}"
	ProjectSection(ProjectDependencies) = postProject
		{6B06DA60-6C23-46C0-9175-39A64A53768A} = {6B06DA60-6C23-46C0-9175-39A64A53768A}
	EndProjectSection
EndProject
Project("{8BC9CEB8-8B4A-11D0-8D11-00A0C91BC942}") = "smi_lib", "smi.vcproj", "{2D92442B-FF9B-4F8B-8C66-4EBB0396FC3A}"
	ProjectSection(ProjectDependencies) = postProject
	EndProjectSection
EndProject
Project("{8BC9CEB8-8B4A-11D0-8D11-00A0C91BC942}") = "smidll", "smidll.vcproj", "{6B06DA60-6C23-46C0-9175-39A64A53768A}"
	ProjectSection(ProjectDependencies) = postProject
		{2D92442B-FF9B-4F8B-8C66-4EBB0396FC3A} = {2D92442B-FF9B-4F8B-8C66-4EBB0396FC3A}
	EndProjectSection
EndProject
Project("{8BC9CEB8-8B4A-11D0-8D11-00A0C91BC942}") = "sort", "examples\sort\sort.vcproj", "{A360DAF0-4B30-41ED-A0B4-A454C97F8F83}"
	ProjectSection(ProjectDependencies) = postProject
		{6B06DA60-6C23-46C0-9175-39A64A53768A} = {6B06DA60-6C23-46C0-9175-39A64A53768A}
	EndProjectSection
EndProject
Global
	GlobalSection(SolutionConfiguration) = preSolution
		Debug = Debug
		Debug x64 = Debug x64
		Release = Release
		SCI = SCI
		SCI_light = SCI_light
		SMP = SMP
		SVM = SVM
	EndGlobalSection
	GlobalSection(ProjectConfiguration) = postSolution
		{58337D3E-8DA8-41DC-946C-14C6B68805E2}.Debug.ActiveCfg = Debug|Win32
		{58337D3E-8DA8-41DC-946C-14C6B68805E2}.Debug.Build.0 = Debug|Win32
		{58337D3E-8DA8-41DC-946C-14C6B68805E2}.Debug x64.ActiveCfg = Debug x64|Win32
		{58337D3E-8DA8-41DC-946C-14C6B68805E2}.Debug x64.Build.0 = Debug x64|Win32
		{58337D3E-8DA8-41DC-946C-14C6B68805E2}.Release.ActiveCfg = Release|Win32
		{58337D3E-8DA8-41DC-946C-14C6B68805E2}.Release.Build.0 = Release|Win32
		{58337D3E-8DA8-41DC-946C-14C6B68805E2}.SCI.ActiveCfg = Release|Win32
		{58337D3E-8DA8-41DC-946C-14C6B68805E2}.SCI.Build.0 = Release|Win32
		{58337D3E-8DA8-41DC-946C-14C6B68805E2}.SCI_light.ActiveCfg = Release|Win32
		{58337D3E-8DA8-41DC-946C-14C6B68805E2}.SCI_light.Build.0 = Release|Win32
		{58337D3E-8DA8-41DC-946C-14C6B68805E2}.SMP.ActiveCfg = Release|Win32
		{58337D3E-8DA8-41DC-946C-14C6B68805E2}.SMP.Build.0 = Release|Win32
		{58337D3E-8DA8-41DC-946C-14C6B68805E2}.SVM.ActiveCfg = Release|Win32
		{58337D3E-8DA8-41DC-946C-14C6B68805E2}.SVM.Build.0 = Release|Win32
		{2D92442B-FF9B-4F8B-8C66-4EBB0396FC3A}.Debug.ActiveCfg = Debug|Win32
		{2D92442B-FF9B-4F8B-8C66-4EBB0396FC3A}.Debug.Build.0 = Debug|Win32
		{2D92442B-FF9B-4F8B-8C66-4EBB0396FC3A}.Debug x64.ActiveCfg = Debug x64|Win32
		{2D92442B-FF9B-4F8B-8C66-4EBB0396FC3A}.Debug x64.Build.0 = Debug x64|Win32
		{2D92442B-FF9B-4F8B-8C66-4EBB0396FC3A}.Release.ActiveCfg = Debug|Win32
		{2D92442B-FF9B-4F8B-8C66-4EBB0396FC3A}.Release.Build.0 = Debug|Win32
		{2D92442B-FF9B-4F8B-8C66-4EBB0396FC3A}.SCI.ActiveCfg = SCI|Win32
		{2D92442B-FF9B-4F8B-8C66-4EBB0396FC3A}.SCI.Build.0 = SCI|Win32
		{2D92442B-FF9B-4F8B-8C66-4EBB0396FC3A}.SCI_light.ActiveCfg = SCI_light|Win32
		{2D92442B-FF9B-4F8B-8C66-4EBB0396FC3A}.SCI_light.Build.0 = SCI_light|Win32
		{2D92442B-FF9B-4F8B-8C66-4EBB0396FC3A}.SMP.ActiveCfg = SMP|Win32
		{2D92442B-FF9B-4F8B-8C66-4EBB0396FC3A}.SMP.Build.0 = SMP|Win32
		{2D92442B-FF9B-4F8B-8C66-4EBB0396FC3A}.SVM.ActiveCfg = SVM|Win32
		{2D92442B-FF9B-4F8B-8C66-4EBB0396FC3A}.SVM.Build.0 = SVM|Win32
		{6B06DA60-6C23-46C0-9175-39A64A53768A}.Debug.ActiveCfg = Debug|Win32
		{6B06DA60-6C23-46C0-9175-39A64A53768A}.Debug.Build.0 = Debug|Win32
		{6B06DA60-6C23-46C0-9175-39A64A53768A}.Debug x64.ActiveCfg = Debug x64|Win32
		{6B06DA60-6C23-46C0-9175-39A64A53768A}.Debug x64.Build.0 = Debug x64|Win32
		{6B06DA60-6C23-46C0-9175-39A64A53768A}.Release.ActiveCfg = SCI|Win32
		{6B06DA60-6C23-46C0-9175-39A64A53768A}.Release.Build.0 = SCI|Win32
		{6B06DA60-6C23-46C0-9175-39A64A53768A}.SCI.ActiveCfg = SCI|Win32
		{6B06DA60-6C23-46C0-9175-39A64A53768A}.SCI.Build.0 = SCI|Win32
		{6B06DA60-6C23-46C0-9175-39A64A53768A}.SCI_light.ActiveCfg = SCI|Win32
		{6B06DA60-6C23-46C0-9175-39A64A53768A}.SCI_light.Build.0 = SCI|Win32
		{6B06DA60-6C23-46C0-9175-39A64A53768A}.SMP.ActiveCfg = SCI|Win32
		{6B06DA60-6C23-46C0-9175-39A64A53768A}.SMP.Build.0 = SCI|Win32
		{6B06DA60-6C23-46C0-9175-39A64A53768A}.SVM.ActiveCfg = SCI|Win32
		{6B06DA60-6C23-46C0-9175-39A64A53768A}.SVM.Build.0 = SCI|Win32
		{A360DAF0-4B30-41ED-A0B4-A454C97F8F83}.Debug.ActiveCfg = Debug|Win32
		{A360DAF0-4B30-41ED-A0B4-A454C97F8F83}.Debug.Build.0 = Debug|Win32
		{A360DAF0-4B30-41ED-A0B4-A454C97F8F83}.Debug x64.ActiveCfg = Debug x64|Win32
		{A360DAF0-4B30-41ED-A0B4-A454C97F8F83}.Debug x64.Build.0 = Debug x64|Win32
		{A360DAF0-4B30-41ED-A0B4-A454C97F8F83}.Release.ActiveCfg = Release|Win32
		{A360DAF0-4B30-41ED-A0B4-A454C97F8F83}.Release.Build.0 = Release|Win32
		{A360DAF0-4B30-41ED-A0B4-A454C97F8F83}.SCI.ActiveCfg = SCI|Win32
		{A360DAF0-4B30-41ED-A0B4-A454C97F8F83}.SCI.Build.0 = SCI|Win32
		{A360DAF0-4B30-41ED-A0B4-A454C97F8F83}.SCI_light.ActiveCfg = SCI|Win32
		{A360DAF0-4B30-41ED-A0B4-A454C97F8F83}.SCI_light.Build.0 = SCI|Win32
		{A360DAF0-4B30-41ED-A0B4-A454C97F8F83}.SMP.ActiveCfg = SCI|Win32
		{A360DAF0-4B30-41ED-A0B4-A454C97F8F83}.SMP.Build.0 = SCI|Win32
		{A360DAF0-4B30-41ED-A0B4-A454C97F8F83}.SVM.ActiveCfg = SCI|Win32
		{A360DAF0-4B30-41ED-A0B4-A454C97F8F83}.SVM.Build.0 = SCI|Win32
	EndGlobalSection
	GlobalSection(ExtensibilityGlobals) = postSolution
	EndGlobalSection
	GlobalSection(ExtensibilityAddIns) = postSolution
	EndGlobalSection
EndGlobal
